
Microsoft Visual Studio Solution File, Format Version 12.00
# Visual Studio Version 16
VisualStudioVersion = 16.0.31424.327
MinimumVisualStudioVersion = 10.0.40219.1
Project("{9A19103F-16F7-4668-BE54-9A1E7A4F7556}") = "ChatSignalR.Client", "ChatSignalR.Client\ChatSignalR.Client.csproj", "{7CE585EA-CDE3-4917-98B0-883D1D48A6E9}"
EndProject
Project("{9A19103F-16F7-4668-BE54-9A1E7A4F7556}") = "ChatSignalR.Server", "ChatSignalR.Server\ChatSignalR.Server.csproj", "{0A5E20C9-F666-4657-9659-C148D4B5C2FF}"
EndProject
Global
	GlobalSection(SolutionConfigurationPlatforms) = preSolution
		Debug|Any CPU = Debug|Any CPU
		Release|Any CPU = Release|Any CPU
	EndGlobalSection
	GlobalSection(ProjectConfigurationPlatforms) = postSolution
		{7CE585EA-CDE3-4917-98B0-883D1D48A6E9}.Debug|Any CPU.ActiveCfg = Debug|Any CPU
		{7CE585EA-CDE3-4917-98B0-883D1D48A6E9}.Debug|Any CPU.Build.0 = Debug|Any CPU
		{7CE585EA-CDE3-4917-98B0-883D1D48A6E9}.Release|Any CPU.ActiveCfg = Release|Any CPU
		{7CE585EA-CDE3-4917-98B0-883D1D48A6E9}.Release|Any CPU.Build.0 = Release|Any CPU
		{0A5E20C9-F666-4657-9659-C148D4B5C2FF}.Debug|Any CPU.ActiveCfg = Debug|Any CPU
		{0A5E20C9-F666-4657-9659-C148D4B5C2FF}.Debug|Any CPU.Build.0 = Debug|Any CPU
		{0A5E20C9-F666-4657-9659-C148D4B5C2FF}.Release|Any CPU.ActiveCfg = Release|Any CPU
		{0A5E20C9-F666-4657-9659-C148D4B5C2FF}.Release|Any CPU.Build.0 = Release|Any CPU
	EndGlobalSection
	GlobalSection(SolutionProperties) = preSolution
		HideSolutionNode = FALSE
	EndGlobalSection
	GlobalSection(ExtensibilityGlobals) = postSolution
		SolutionGuid = {40ECEC46-80F8-4213-862F-D4A22A92FE53}
	EndGlobalSection
EndGlobal
